
Microsoft Visual Studio Solution File, Format Version 12.00
# Visual Studio Version 16
VisualStudioVersion = 16.0.31624.102
MinimumVisualStudioVersion = 10.0.40219.1
Project("{FAE04EC0-301F-11D3-BF4B-00C04F79EFBC}") = "RestaurantRater.WebAPI", "RestaurantRater.WebAPI\RestaurantRater.WebAPI.csproj", "{004C287F-6281-491C-A9B3-8CCF7FC69A21}"
EndProject
Global
	GlobalSection(SolutionConfigurationPlatforms) = preSolution
		Debug|Any CPU = Debug|Any CPU
		Release|Any CPU = Release|Any CPU
	EndGlobalSection
	GlobalSection(ProjectConfigurationPlatforms) = postSolution
		{004C287F-6281-491C-A9B3-8CCF7FC69A21}.Debug|Any CPU.ActiveCfg = Debug|Any CPU
		{004C287F-6281-491C-A9B3-8CCF7FC69A21}.Debug|Any CPU.Build.0 = Debug|Any CPU
		{004C287F-6281-491C-A9B3-8CCF7FC69A21}.Release|Any CPU.ActiveCfg = Release|Any CPU
		{004C287F-6281-491C-A9B3-8CCF7FC69A21}.Release|Any CPU.Build.0 = Release|Any CPU
	EndGlobalSection
	GlobalSection(SolutionProperties) = preSolution
		HideSolutionNode = FALSE
	EndGlobalSection
	GlobalSection(ExtensibilityGlobals) = postSolution
		SolutionGuid = {32DC2933-E9D8-4476-9BAE-0C228E8C4AB7}
	EndGlobalSection
EndGlobal
